
Microsoft Visual Studio Solution File, Format Version 12.00
# Visual Studio Version 17
VisualStudioVersion = 17.9.34701.34
MinimumVisualStudioVersion = 10.0.40219.1
Project("{FAE04EC0-301F-11D3-BF4B-00C04F79EFBC}") = "patrykwojewoda.eu.Server", "patrykwojewoda.eu.Server\patrykwojewoda.eu.Server.csproj", "{D3770D5D-2EA2-4556-883E-E9592B5B2AC9}"
EndProject
Project("{54A90642-561A-4BB1-A94E-469ADEE60C69}") = "patrykwojewoda.eu.client", "patrykwojewoda.eu.client\patrykwojewoda.eu.client.esproj", "{A1F08125-095F-4F43-866F-242B97FED037}"
EndProject
Global
	GlobalSection(SolutionConfigurationPlatforms) = preSolution
		Debug|Any CPU = Debug|Any CPU
		Release|Any CPU = Release|Any CPU
	EndGlobalSection
	GlobalSection(ProjectConfigurationPlatforms) = postSolution
		{D3770D5D-2EA2-4556-883E-E9592B5B2AC9}.Debug|Any CPU.ActiveCfg = Debug|Any CPU
		{D3770D5D-2EA2-4556-883E-E9592B5B2AC9}.Debug|Any CPU.Build.0 = Debug|Any CPU
		{D3770D5D-2EA2-4556-883E-E9592B5B2AC9}.Release|Any CPU.ActiveCfg = Release|Any CPU
		{D3770D5D-2EA2-4556-883E-E9592B5B2AC9}.Release|Any CPU.Build.0 = Release|Any CPU
		{A1F08125-095F-4F43-866F-242B97FED037}.Debug|Any CPU.ActiveCfg = Debug|Any CPU
		{A1F08125-095F-4F43-866F-242B97FED037}.Debug|Any CPU.Build.0 = Debug|Any CPU
		{A1F08125-095F-4F43-866F-242B97FED037}.Debug|Any CPU.Deploy.0 = Debug|Any CPU
		{A1F08125-095F-4F43-866F-242B97FED037}.Release|Any CPU.ActiveCfg = Release|Any CPU
		{A1F08125-095F-4F43-866F-242B97FED037}.Release|Any CPU.Build.0 = Release|Any CPU
		{A1F08125-095F-4F43-866F-242B97FED037}.Release|Any CPU.Deploy.0 = Release|Any CPU
	EndGlobalSection
	GlobalSection(SolutionProperties) = preSolution
		HideSolutionNode = FALSE
	EndGlobalSection
	GlobalSection(ExtensibilityGlobals) = postSolution
		SolutionGuid = {495040CF-2DFD-4FF1-8D3D-2B2E5780E2B2}
	EndGlobalSection
EndGlobal
